// !$*UTF8*$!
{
	archiveVersion = 1;
	classes = {
	};
	objectVersion = 77;
	objects = {

/* Begin PBXBuildFile section */
		63E1CBF02F981A78000EF305 /* Swinject in Frameworks */ = {isa = PBXBuildFile; productRef = 63E1CBEF2F981A78000EF305 /* Swinject */; };
		63E1CBF22F981A78000EF305 /* TDLibKit in Frameworks */ = {isa = PBXBuildFile; productRef = 63E1CBF12F981A78000EF305 /* TDLibKit */; };
/* End PBXBuildFile section */

/* Begin PBXContainerItemProxy section */
		63E1CBC32F98179D000EF305 /* PBXContainerItemProxy */ = {
			isa = PBXContainerItemProxy;
			containerPortal = 63E1CBAB2F98179B000EF305 /* Project object */;
			proxyType = 1;
			remoteGlobalIDString = 63E1CBB22F98179B000EF305;
			remoteInfo = SecureTelegram;
		};
		63E1CBCD2F98179D000EF305 /* PBXContainerItemProxy */ = {
			isa = PBXContainerItemProxy;
			containerPortal = 63E1CBAB2F98179B000EF305 /* Project object */;
			proxyType = 1;
			remoteGlobalIDString = 63E1CBB22F98179B000EF305;
			remoteInfo = SecureTelegram;
		};
/* End PBXContainerItemProxy section */

/* Begin PBXFileReference section */
		63E1CBB32F98179B000EF305 /* SecureTelegram.app */ = {isa = PBXFileReference; explicitFileType = wrapper.application; includeInIndex = 0; path = SecureTelegram.app; sourceTree = BUILT_PRODUCTS_DIR; };
		63E1CBC22F98179D000EF305 /* SecureTelegramTests.xctest */ = {isa = PBXFileReference; explicitFileType = wrapper.cfbundle; includeInIndex = 0; path = SecureTelegramTests.xctest; sourceTree = BUILT_PRODUCTS_DIR; };
		63E1CBCC2F98179D000EF305 /* SecureTelegramUITests.xctest */ = {isa = PBXFileReference; explicitFileType = wrapper.cfbundle; includeInIndex = 0; path = SecureTelegramUITests.xctest; sourceTree = BUILT_PRODUCTS_DIR; };
/* End PBXFileReference section */

/* Begin PBXFileSystemSynchronizedRootGroup section */
		63E1CBB52F98179B000EF305 /* SecureTelegram */ = {
			isa = PBXFileSystemSynchronizedRootGroup;
			path = SecureTelegram;
			sourceTree = "<group>";
		};
		63E1CBC52F98179D000EF305 /* SecureTelegramTests */ = {
			isa = PBXFileSystemSynchronizedRootGroup;
			path = SecureTelegramTests;
			sourceTree = "<group>";
		};
		63E1CBCF2F98179D000EF305 /* SecureTelegramUITests */ = {
			isa = PBXFileSystemSynchronizedRootGroup;
			path = SecureTelegramUITests;
			sourceTree = "<group>";
		};
/* End PBXFileSystemSynchronizedRootGroup section */

/* Begin PBXFrameworksBuildPhase section */
		63E1CBB02F98179B000EF305 /* Frameworks */ = {
			isa = PBXFrameworksBuildPhase;
			buildActionMask = 2147483647;
			files = (
				63E1CBF02F981A78000EF305 /* Swinject in Frameworks */,
				63E1CBF22F981A78000EF305 /* TDLibKit in Frameworks */,
			);
			runOnlyForDeploymentPostprocessing = 0;
		};
		63E1CBBF2F98179D000EF305 /* Frameworks */ = {
			isa = PBXFrameworksBuildPhase;
			buildActionMask = 2147483647;
			files = (
			);
			runOnlyForDeploymentPostprocessing = 0;
		};
		63E1CBC92F98179D000EF305 /* Frameworks */ = {
			isa = PBXFrameworksBuildPhase;
			buildActionMask = 2147483647;
			files = (
			);
			runOnlyForDeploymentPostprocessing = 0;
		};
/* End PBXFrameworksBuildPhase section */

/* Begin PBXGroup section */
		63E1CBAA2F98179B000EF305 = {
			isa = PBXGroup;
			children = (
				63E1CBB52F98179B000EF305 /* SecureTelegram */,
				63E1CBC52F98179D000EF305 /* SecureTelegramTests */,
				63E1CBCF2F98179D000EF305 /* SecureTelegramUITests */,
				63E1CBB42F98179B000EF305 /* Products */,
			);
			sourceTree = "<group>";
		};
		63E1CBB42F98179B000EF305 /* Products */ = {
			isa = PBXGroup;
			children = (
				63E1CBB32F98179B000EF305 /* SecureTelegram.app */,
				63E1CBC22F98179D000EF305 /* SecureTelegramTests.xctest */,
				63E1CBCC2F98179D000EF305 /* SecureTelegramUITests.xctest */,
			);
			name = Products;
			sourceTree = "<group>";
		};
/* End PBXGroup section */

/* Begin PBXNativeTarget section */
		63E1CBB22F98179B000EF305 /* SecureTelegram */ = {
			isa = PBXNativeTarget;
			buildConfigurationList = 63E1CBD62F98179D000EF305 /* Build configuration list for PBXNativeTarget "SecureTelegram" */;
			buildPhases = (
				63E1CBAF2F98179B000EF305 /* Sources */,
				63E1CBB02F98179B000EF305 /* Frameworks */,
				63E1CBB12F98179B000EF305 /* Resources */,
			);
			buildRules = (
			);
			dependencies = (
			);
			fileSystemSynchronizedGroups = (
				63E1CBB52F98179B000EF305 /* SecureTelegram */,
			);
			name = SecureTelegram;
			packageProductDependencies = (
				63E1CBEF2F981A78000EF305 /* Swinject */,
				63E1CBF12F981A78000EF305 /* TDLibKit */,
			);
			productName = SecureTelegram;
			productReference = 63E1CBB32F98179B000EF305 /* SecureTelegram.app */;
			productType = "com.apple.product-type.application";
		};
		63E1CBC12F98179D000EF305 /* SecureTelegramTests */ = {
			isa = PBXNativeTarget;
			buildConfigurationList = 63E1CBD92F98179D000EF305 /* Build configuration list for PBXNativeTarget "SecureTelegramTests" */;
			buildPhases = (
				63E1CBBE2F98179D000EF305 /* Sources */,
				63E1CBBF2F98179D000EF305 /* Frameworks */,
				63E1CBC02F98179D000EF305 /* Resources */,
			);
			buildRules = (
			);
			dependencies = (
				63E1CBC42F98179D000EF305 /* PBXTargetDependency */,
			);
			fileSystemSynchronizedGroups = (
				63E1CBC52F98179D000EF305 /* SecureTelegramTests */,
			);
			name = SecureTelegramTests;
			packageProductDependencies = (
			);
			productName = SecureTelegramTests;
			productReference = 63E1CBC22F98179D000EF305 /* SecureTelegramTests.xctest */;
			productType = "com.apple.product-type.bundle.unit-test";
		};
		63E1CBCB2F98179D000EF305 /* SecureTelegramUITests */ = {
			isa = PBXNativeTarget;
			buildConfigurationList = 63E1CBDC2F98179D000EF305 /* Build configuration list for PBXNativeTarget "SecureTelegramUITests" */;
			buildPhases = (
				63E1CBC82F98179D000EF305 /* Sources */,
				63E1CBC92F98179D000EF305 /* Frameworks */,
				63E1CBCA2F98179D000EF305 /* Resources */,
			);
			buildRules = (
			);
			dependencies = (
				63E1CBCE2F98179D000EF305 /* PBXTargetDependency */,
			);
			fileSystemSynchronizedGroups = (
				63E1CBCF2F98179D000EF305 /* SecureTelegramUITests */,
			);
			name = SecureTelegramUITests;
			packageProductDependencies = (
			);
			productName = SecureTelegramUITests;
			productReference = 63E1CBCC2F98179D000EF305 /* SecureTelegramUITests.xctest */;
			productType = "com.apple.product-type.bundle.ui-testing";
		};
/* End PBXNativeTarget section */

/* Begin PBXProject section */
		63E1CBAB2F98179B000EF305 /* Project object */ = {
			isa = PBXProject;
			attributes = {
				BuildIndependentTargetsInParallel = 1;
				LastSwiftUpdateCheck = 2630;
				LastUpgradeCheck = 2630;
				TargetAttributes = {
					63E1CBB22F98179B000EF305 = {
						CreatedOnToolsVersion = 26.3;
					};
					63E1CBC12F98179D000EF305 = {
						CreatedOnToolsVersion = 26.3;
						TestTargetID = 63E1CBB22F98179B000EF305;
					};
					63E1CBCB2F98179D000EF305 = {
						CreatedOnToolsVersion = 26.3;
						TestTargetID = 63E1CBB22F98179B000EF305;
					};
				};
			};
			buildConfigurationList = 63E1CBAE2F98179B000EF305 /* Build configuration list for PBXProject "SecureTelegram" */;
			developmentRegion = en;
			hasScannedForEncodings = 0;
			knownRegions = (
				en,
				Base,
			);
			mainGroup = 63E1CBAA2F98179B000EF305;
			minimizedProjectReferenceProxies = 1;
			packageReferences = (
				63E1CBEE2F981A78000EF305 /* XCRemoteSwiftPackageReference "Swinject" */,
				63E1CBF32F981A78000EF305 /* XCRemoteSwiftPackageReference "TDLibKit" */,
			);
			preferredProjectObjectVersion = 77;
			productRefGroup = 63E1CBB42F98179B000EF305 /* Products */;
			projectDirPath = "";
			projectRoot = "";
			targets = (
				63E1CBB22F98179B000EF305 /* SecureTelegram */,
				63E1CBC12F98179D000EF305 /* SecureTelegramTests */,
				63E1CBCB2F98179D000EF305 /* SecureTelegramUITests */,
			);
		};
/* End PBXProject section */

/* Begin PBXResourcesBuildPhase section */
		63E1CBB12F98179B000EF305 /* Resources */ = {
			isa = PBXResourcesBuildPhase;
			buildActionMask = 2147483647;
			files = (
			);
			runOnlyForDeploymentPostprocessing = 0;
		};
		63E1CBC02F98179D000EF305 /* Resources */ = {
			isa = PBXResourcesBuildPhase;
			buildActionMask = 2147483647;
			files = (
			);
			runOnlyForDeploymentPostprocessing = 0;
		};
		63E1CBCA2F98179D000EF305 /* Resources */ = {
			isa = PBXResourcesBuildPhase;
			buildActionMask = 2147483647;
			files = (
			);
			runOnlyForDeploymentPostprocessing = 0;
		};
/* End PBXResourcesBuildPhase section */

/* Begin PBXSourcesBuildPhase section */
		63E1CBAF2F98179B000EF305 /* Sources */ = {
			isa = PBXSourcesBuildPhase;
			buildActionMask = 2147483647;
			files = (
			);
			runOnlyForDeploymentPostprocessing = 0;
		};
		63E1CBBE2F98179D000EF305 /* Sources */ = {
			isa = PBXSourcesBuildPhase;
			buildActionMask = 2147483647;
			files = (
			);
			runOnlyForDeploymentPostprocessing = 0;
		};
		63E1CBC82F98179D000EF305 /* Sources */ = {
			isa = PBXSourcesBuildPhase;
			buildActionMask = 2147483647;
			files = (
			);
			runOnlyForDeploymentPostprocessing = 0;
		};
/* End PBXSourcesBuildPhase section */

/* Begin PBXTargetDependency section */
		63E1CBC42F98179D000EF305 /* PBXTargetDependency */ = {
			isa = PBXTargetDependency;
			target = 63E1CBB22F98179B000EF305 /* SecureTelegram */;
			targetProxy = 63E1CBC32F98179D000EF305 /* PBXContainerItemProxy */;
		};
		63E1CBCE2F98179D000EF305 /* PBXTargetDependency */ = {
			isa = PBXTargetDependency;
			target = 63E1CBB22F98179B000EF305 /* SecureTelegram */;
			targetProxy = 63E1CBCD2F98179D000EF305 /* PBXContainerItemProxy */;
		};
/* End PBXTargetDependency section */

/* Begin XCBuildConfiguration section */
		63E1CBD42F98179D000EF305 /* Debug */ = {
			isa = XCBuildConfiguration;
			buildSettings = {
				ALWAYS_SEARCH_USER_PATHS = NO;
				ASSETCATALOG_COMPILER_GENERATE_SWIFT_ASSET_SYMBOL_EXTENSIONS = YES;
				CLANG_ANALYZER_NONNULL = YES;
				CLANG_ANALYZER_NUMBER_OBJECT_CONVERSION = YES_AGGRESSIVE;
				CLANG_CXX_LANGUAGE_STANDARD = "gnu++20";
				CLANG_ENABLE_MODULES = YES;
				CLANG_ENABLE_OBJC_ARC = YES;
				CLANG_ENABLE_OBJC_WEAK = YES;
				CLANG_WARN_BLOCK_CAPTURE_AUTORELEASING = YES;
				CLANG_WARN_BOOL_CONVERSION = YES;
				CLANG_WARN_COMMA = YES;
				CLANG_WARN_CONSTANT_CONVERSION = YES;
				CLANG_WARN_DEPRECATED_OBJC_IMPLEMENTATIONS = YES;
				CLANG_WARN_DIRECT_OBJC_ISA_USAGE = YES_ERROR;
				CLANG_WARN_DOCUMENTATION_COMMENTS = YES;
				CLANG_WARN_EMPTY_BODY = YES;
				CLANG_WARN_ENUM_CONVERSION = YES;
				CLANG_WARN_INFINITE_RECURSION = YES;
				CLANG_WARN_INT_CONVERSION = YES;
				CLANG_WARN_NON_LITERAL_NULL_CONVERSION = YES;
				CLANG_WARN_OBJC_IMPLICIT_RETAIN_SELF = YES;
				CLANG_WARN_OBJC_LITERAL_CONVERSION = YES;
				CLANG_WARN_OBJC_ROOT_CLASS = YES_ERROR;
				CLANG_WARN_QUOTED_INCLUDE_IN_FRAMEWORK_HEADER = YES;
				CLANG_WARN_RANGE_LOOP_ANALYSIS = YES;
				CLANG_WARN_STRICT_PROTOTYPES = YES;
				CLANG_WARN_SUSPICIOUS_MOVE = YES;
				CLANG_WARN_UNGUARDED_AVAILABILITY = YES_AGGRESSIVE;
				CLANG_WARN_UNREACHABLE_CODE = YES;
				CLANG_WARN__DUPLICATE_METHOD_MATCH = YES;
				COPY_PHASE_STRIP = NO;
				DEBUG_INFORMATION_FORMAT = dwarf;
				DEVELOPMENT_TEAM = AVYJY22Y4A;
				ENABLE_STRICT_OBJC_MSGSEND = YES;
				ENABLE_TESTABILITY = YES;
				ENABLE_USER_SCRIPT_SANDBOXING = YES;
				GCC_C_LANGUAGE_STANDARD = gnu17;
				GCC_DYNAMIC_NO_PIC = NO;
				GCC_NO_COMMON_BLOCKS = YES;
				GCC_OPTIMIZATION_LEVEL = 0;
				GCC_PREPROCESSOR_DEFINITIONS = (
					"DEBUG=1",
					"$(inherited)",
				);
				GCC_WARN_64_TO_32_BIT_CONVERSION = YES;
				GCC_WARN_ABOUT_RETURN_TYPE = YES_ERROR;
				GCC_WARN_UNDECLARED_SELECTOR = YES;
				GCC_WARN_UNINITIALIZED_AUTOS = YES_AGGRESSIVE;
				GCC_WARN_UNUSED_FUNCTION = YES;
				GCC_WARN_UNUSED_VARIABLE = YES;
				IPHONEOS_DEPLOYMENT_TARGET = 26.2;
				LOCALIZATION_PREFERS_STRING_CATALOGS = YES;
				MTL_ENABLE_DEBUG_INFO = INCLUDE_SOURCE;
				MTL_FAST_MATH = YES;
				ONLY_ACTIVE_ARCH = YES;
				SDKROOT = iphoneos;
				SWIFT_ACTIVE_COMPILATION_CONDITIONS = "DEBUG $(inherited)";
				SWIFT_OPTIMIZATION_LEVEL = "-Onone";
			};
			name = Debug;
		};
		63E1CBD52F98179D000EF305 /* Release */ = {
			isa = XCBuildConfiguration;
			buildSettings = {
				ALWAYS_SEARCH_USER_PATHS = NO;
				ASSETCATALOG_COMPILER_GENERATE_SWIFT_ASSET_SYMBOL_EXTENSIONS = YES;
				CLANG_ANALYZER_NONNULL = YES;
				CLANG_ANALYZER_NUMBER_OBJECT_CONVERSION = YES_AGGRESSIVE;
				CLANG_CXX_LANGUAGE_STANDARD = "gnu++20";
				CLANG_ENABLE_MODULES = YES;
				CLANG_ENABLE_OBJC_ARC = YES;
				CLANG_ENABLE_OBJC_WEAK = YES;
				CLANG_WARN_BLOCK_CAPTURE_AUTORELEASING = YES;
				CLANG_WARN_BOOL_CONVERSION = YES;
				CLANG_WARN_COMMA = YES;
				CLANG_WARN_CONSTANT_CONVERSION = YES;
				CLANG_WARN_DEPRECATED_OBJC_IMPLEMENTATIONS = YES;
				CLANG_WARN_DIRECT_OBJC_ISA_USAGE = YES_ERROR;
				CLANG_WARN_DOCUMENTATION_COMMENTS = YES;
				CLANG_WARN_EMPTY_BODY = YES;
				CLANG_WARN_ENUM_CONVERSION = YES;
				CLANG_WARN_INFINITE_RECURSION = YES;
				CLANG_WARN_INT_CONVERSION = YES;
				CLANG_WARN_NON_LITERAL_NULL_CONVERSION = YES;
				CLANG_WARN_OBJC_IMPLICIT_RETAIN_SELF = YES;
				CLANG_WARN_OBJC_LITERAL_CONVERSION = YES;
				CLANG_WARN_OBJC_ROOT_CLASS = YES_ERROR;
				CLANG_WARN_QUOTED_INCLUDE_IN_FRAMEWORK_HEADER = YES;
				CLANG_WARN_RANGE_LOOP_ANALYSIS = YES;
				CLANG_WARN_STRICT_PROTOTYPES = YES;
				CLANG_WARN_SUSPICIOUS_MOVE = YES;
				CLANG_WARN_UNGUARDED_AVAILABILITY = YES_AGGRESSIVE;
				CLANG_WARN_UNREACHABLE_CODE = YES;
				CLANG_WARN__DUPLICATE_METHOD_MATCH = YES;
				COPY_PHASE_STRIP = NO;
				DEBUG_INFORMATION_FORMAT = "dwarf-with-dsym";
				DEVELOPMENT_TEAM = AVYJY22Y4A;
				ENABLE_NS_ASSERTIONS = NO;
				ENABLE_STRICT_OBJC_MSGSEND = YES;
				ENABLE_USER_SCRIPT_SANDBOXING = YES;
				GCC_C_LANGUAGE_STANDARD = gnu17;
				GCC_NO_COMMON_BLOCKS = YES;
				GCC_WARN_64_TO_32_BIT_CONVERSION = YES;
				GCC_WARN_ABOUT_RETURN_TYPE = YES_ERROR;
				GCC_WARN_UNDECLARED_SELECTOR = YES;
				GCC_WARN_UNINITIALIZED_AUTOS = YES_AGGRESSIVE;
				GCC_WARN_UNUSED_FUNCTION = YES;
				GCC_WARN_UNUSED_VARIABLE = YES;
				IPHONEOS_DEPLOYMENT_TARGET = 26.2;
				LOCALIZATION_PREFERS_STRING_CATALOGS = YES;
				MTL_ENABLE_DEBUG_INFO = NO;
				MTL_FAST_MATH = YES;
				SDKROOT = iphoneos;
				SWIFT_COMPILATION_MODE = wholemodule;
				VALIDATE_PRODUCT = YES;
			};
			name = Release;
		};
		63E1CBD72F98179D000EF305 /* Debug */ = {
			isa = XCBuildConfiguration;
			buildSettings = {
				ASSETCATALOG_COMPILER_APPICON_NAME = AppIcon;
				ASSETCATALOG_COMPILER_GLOBAL_ACCENT_COLOR_NAME = AccentColor;
				CODE_SIGN_STYLE = Automatic;
				CURRENT_PROJECT_VERSION = 1;
				DEVELOPMENT_TEAM = AVYJY22Y4A;
				ENABLE_PREVIEWS = YES;
				GENERATE_INFOPLIST_FILE = YES;
				INFOPLIST_KEY_UIApplicationSceneManifest_Generation = YES;
				INFOPLIST_KEY_UIApplicationSupportsIndirectInputEvents = YES;
				INFOPLIST_KEY_UILaunchScreen_Generation = YES;
				INFOPLIST_KEY_UISupportedInterfaceOrientations_iPad = "UIInterfaceOrientationPortrait UIInterfaceOrientationPortraitUpsideDown UIInterfaceOrientationLandscapeLeft UIInterfaceOrientationLandscapeRight";
				INFOPLIST_KEY_UISupportedInterfaceOrientations_iPhone = "UIInterfaceOrientationPortrait UIInterfaceOrientationLandscapeLeft UIInterfaceOrientationLandscapeRight";
				LD_RUNPATH_SEARCH_PATHS = (
					"$(inherited)",
					"@executable_path/Frameworks",
				);
				MARKETING_VERSION = 1.0;
				PRODUCT_BUNDLE_IDENTIFIER = com.app.secureTelegram.SecureTelegram;
				PRODUCT_NAME = "$(TARGET_NAME)";
				STRING_CATALOG_GENERATE_SYMBOLS = YES;
				SWIFT_APPROACHABLE_CONCURRENCY = YES;
				SWIFT_DEFAULT_ACTOR_ISOLATION = MainActor;
				SWIFT_EMIT_LOC_STRINGS = YES;
				SWIFT_UPCOMING_FEATURE_MEMBER_IMPORT_VISIBILITY = YES;
				SWIFT_VERSION = 5.0;
				TARGETED_DEVICE_FAMILY = "1,2";
			};
			name = Debug;
		};
		63E1CBD82F98179D000EF305 /* Release */ = {
			isa = XCBuildConfiguration;
			buildSettings = {
				ASSETCATALOG_COMPILER_APPICON_NAME = AppIcon;
				ASSETCATALOG_COMPILER_GLOBAL_ACCENT_COLOR_NAME = AccentColor;
				CODE_SIGN_STYLE = Automatic;
				CURRENT_PROJECT_VERSION = 1;
				DEVELOPMENT_TEAM = AVYJY22Y4A;
				ENABLE_PREVIEWS = YES;
				GENERATE_INFOPLIST_FILE = YES;
				INFOPLIST_KEY_UIApplicationSceneManifest_Generation = YES;
				INFOPLIST_KEY_UIApplicationSupportsIndirectInputEvents = YES;
				INFOPLIST_KEY_UILaunchScreen_Generation = YES;
				INFOPLIST_KEY_UISupportedInterfaceOrientations_iPad = "UIInterfaceOrientationPortrait UIInterfaceOrientationPortraitUpsideDown UIInterfaceOrientationLandscapeLeft UIInterfaceOrientationLandscapeRight";
				INFOPLIST_KEY_UISupportedInterfaceOrientations_iPhone = "UIInterfaceOrientationPortrait UIInterfaceOrientationLandscapeLeft UIInterfaceOrientationLandscapeRight";
				LD_RUNPATH_SEARCH_PATHS = (
					"$(inherited)",
					"@executable_path/Frameworks",
				);
				MARKETING_VERSION = 1.0;
				PRODUCT_BUNDLE_IDENTIFIER = com.app.secureTelegram.SecureTelegram;
				PRODUCT_NAME = "$(TARGET_NAME)";
				STRING_CATALOG_GENERATE_SYMBOLS = YES;
				SWIFT_APPROACHABLE_CONCURRENCY = YES;
				SWIFT_DEFAULT_ACTOR_ISOLATION = MainActor;
				SWIFT_EMIT_LOC_STRINGS = YES;
				SWIFT_UPCOMING_FEATURE_MEMBER_IMPORT_VISIBILITY = YES;
				SWIFT_VERSION = 5.0;
				TARGETED_DEVICE_FAMILY = "1,2";
			};
			name = Release;
		};
		63E1CBDA2F98179D000EF305 /* Debug */ = {
			isa = XCBuildConfiguration;
			buildSettings = {
				BUNDLE_LOADER = "$(TEST_HOST)";
				CODE_SIGN_STYLE = Automatic;
				CURRENT_PROJECT_VERSION = 1;
				DEVELOPMENT_TEAM = AVYJY22Y4A;
				GENERATE_INFOPLIST_FILE = YES;
				IPHONEOS_DEPLOYMENT_TARGET = 26.2;
				MARKETING_VERSION = 1.0;
				PRODUCT_BUNDLE_IDENTIFIER = com.app.secureTelegram.SecureTelegramTests;
				PRODUCT_NAME = "$(TARGET_NAME)";
				STRING_CATALOG_GENERATE_SYMBOLS = NO;
				SWIFT_APPROACHABLE_CONCURRENCY = YES;
				SWIFT_EMIT_LOC_STRINGS = NO;
				SWIFT_UPCOMING_FEATURE_MEMBER_IMPORT_VISIBILITY = YES;
				SWIFT_VERSION = 5.0;
				TARGETED_DEVICE_FAMILY = "1,2";
				TEST_HOST = "$(BUILT_PRODUCTS_DIR)/SecureTelegram.app/$(BUNDLE_EXECUTABLE_FOLDER_PATH)/SecureTelegram";
			};
			name = Debug;
		};
		63E1CBDB2F98179D000EF305 /* Release */ = {
			isa = XCBuildConfiguration;
			buildSettings = {
				BUNDLE_LOADER = "$(TEST_HOST)";
				CODE_SIGN_STYLE = Automatic;
				CURRENT_PROJECT_VERSION = 1;
				DEVELOPMENT_TEAM = AVYJY22Y4A;
				GENERATE_INFOPLIST_FILE = YES;
				IPHONEOS_DEPLOYMENT_TARGET = 26.2;
				MARKETING_VERSION = 1.0;
				PRODUCT_BUNDLE_IDENTIFIER = com.app.secureTelegram.SecureTelegramTests;
				PRODUCT_NAME = "$(TARGET_NAME)";
				STRING_CATALOG_GENERATE_SYMBOLS = NO;
				SWIFT_APPROACHABLE_CONCURRENCY = YES;
				SWIFT_EMIT_LOC_STRINGS = NO;
				SWIFT_UPCOMING_FEATURE_MEMBER_IMPORT_VISIBILITY = YES;
				SWIFT_VERSION = 5.0;
				TARGETED_DEVICE_FAMILY = "1,2";
				TEST_HOST = "$(BUILT_PRODUCTS_DIR)/SecureTelegram.app/$(BUNDLE_EXECUTABLE_FOLDER_PATH)/SecureTelegram";
			};
			name = Release;
		};
		63E1CBDD2F98179D000EF305 /* Debug */ = {
			isa = XCBuildConfiguration;
			buildSettings = {
				CODE_SIGN_STYLE = Automatic;
				CURRENT_PROJECT_VERSION = 1;
				DEVELOPMENT_TEAM = AVYJY22Y4A;
				GENERATE_INFOPLIST_FILE = YES;
				MARKETING_VERSION = 1.0;
				PRODUCT_BUNDLE_IDENTIFIER = com.app.secureTelegram.SecureTelegramUITests;
				PRODUCT_NAME = "$(TARGET_NAME)";
				STRING_CATALOG_GENERATE_SYMBOLS = NO;
				SWIFT_APPROACHABLE_CONCURRENCY = YES;
				SWIFT_EMIT_LOC_STRINGS = NO;
				SWIFT_UPCOMING_FEATURE_MEMBER_IMPORT_VISIBILITY = YES;
				SWIFT_VERSION = 5.0;
				TARGETED_DEVICE_FAMILY = "1,2";
				TEST_TARGET_NAME = SecureTelegram;
			};
			name = Debug;
		};
		63E1CBDE2F98179D000EF305 /* Release */ = {
			isa = XCBuildConfiguration;
			buildSettings = {
				CODE_SIGN_STYLE = Automatic;
				CURRENT_PROJECT_VERSION = 1;
				DEVELOPMENT_TEAM = AVYJY22Y4A;
				GENERATE_INFOPLIST_FILE = YES;
				MARKETING_VERSION = 1.0;
				PRODUCT_BUNDLE_IDENTIFIER = com.app.secureTelegram.SecureTelegramUITests;
				PRODUCT_NAME = "$(TARGET_NAME)";
				STRING_CATALOG_GENERATE_SYMBOLS = NO;
				SWIFT_APPROACHABLE_CONCURRENCY = YES;
				SWIFT_EMIT_LOC_STRINGS = NO;
				SWIFT_UPCOMING_FEATURE_MEMBER_IMPORT_VISIBILITY = YES;
				SWIFT_VERSION = 5.0;
				TARGETED_DEVICE_FAMILY = "1,2";
				TEST_TARGET_NAME = SecureTelegram;
			};
			name = Release;
		};
/* End XCBuildConfiguration section */

/* Begin XCConfigurationList section */
		63E1CBAE2F98179B000EF305 /* Build configuration list for PBXProject "SecureTelegram" */ = {
			isa = XCConfigurationList;
			buildConfigurations = (
				63E1CBD42F98179D000EF305 /* Debug */,
				63E1CBD52F98179D000EF305 /* Release */,
			);
			defaultConfigurationIsVisible = 0;
			defaultConfigurationName = Release;
		};
		63E1CBD62F98179D000EF305 /* Build configuration list for PBXNativeTarget "SecureTelegram" */ = {
			isa = XCConfigurationList;
			buildConfigurations = (
				63E1CBD72F98179D000EF305 /* Debug */,
				63E1CBD82F98179D000EF305 /* Release */,
			);
			defaultConfigurationIsVisible = 0;
			defaultConfigurationName = Release;
		};
		63E1CBD92F98179D000EF305 /* Build configuration list for PBXNativeTarget "SecureTelegramTests" */ = {
			isa = XCConfigurationList;
			buildConfigurations = (
				63E1CBDA2F98179D000EF305 /* Debug */,
				63E1CBDB2F98179D000EF305 /* Release */,
			);
			defaultConfigurationIsVisible = 0;
			defaultConfigurationName = Release;
		};
		63E1CBDC2F98179D000EF305 /* Build configuration list for PBXNativeTarget "SecureTelegramUITests" */ = {
			isa = XCConfigurationList;
			buildConfigurations = (
				63E1CBDD2F98179D000EF305 /* Debug */,
				63E1CBDE2F98179D000EF305 /* Release */,
			);
			defaultConfigurationIsVisible = 0;
			defaultConfigurationName = Release;
		};
/* End XCConfigurationList section */

/* Begin XCRemoteSwiftPackageReference section */
		63E1CBEE2F981A78000EF305 /* XCRemoteSwiftPackageReference "Swinject" */ = {
			isa = XCRemoteSwiftPackageReference;
			repositoryURL = "https://github.com/Swinject/Swinject.git";
			requirement = {
				kind = upToNextMajorVersion;
				minimumVersion = 2.10.0;
			};
		};
		63E1CBF32F981A78000EF305 /* XCRemoteSwiftPackageReference "TDLibKit" */ = {
			isa = XCRemoteSwiftPackageReference;
			repositoryURL = "https://github.com/Swiftgram/TDLibKit";
			requirement = {
				kind = exactVersion;
				version = "1.5.2-tdlib-1.8.63-8921c22f";
			};
		};
/* End XCRemoteSwiftPackageReference section */

/* Begin XCSwiftPackageProductDependency section */
		63E1CBEF2F981A78000EF305 /* Swinject */ = {
			isa = XCSwiftPackageProductDependency;
			package = 63E1CBEE2F981A78000EF305 /* XCRemoteSwiftPackageReference "Swinject" */;
			productName = Swinject;
		};
		63E1CBF12F981A78000EF305 /* TDLibKit */ = {
			isa = XCSwiftPackageProductDependency;
			package = 63E1CBF32F981A78000EF305 /* XCRemoteSwiftPackageReference "TDLibKit" */;
			productName = TDLibKit;
		};
/* End XCSwiftPackageProductDependency section */
	};
	rootObject = 63E1CBAB2F98179B000EF305 /* Project object */;
}
